
Microsoft Visual Studio Solution File, Format Version 12.00
# Visual Studio Version 17
VisualStudioVersion = 17.6.33723.286
MinimumVisualStudioVersion = 10.0.40219.1
Project("{FAE04EC0-301F-11D3-BF4B-00C04F79EFBC}") = "controle de banco atividade", "controle de banco atividade\controle de banco atividade.csproj", "{FF0C8E24-50F1-4856-911E-6B07B4DA9D47}"
EndProject
Global
	GlobalSection(SolutionConfigurationPlatforms) = preSolution
		Debug|Any CPU = Debug|Any CPU
		Release|Any CPU = Release|Any CPU
	EndGlobalSection
	GlobalSection(ProjectConfigurationPlatforms) = postSolution
		{FF0C8E24-50F1-4856-911E-6B07B4DA9D47}.Debug|Any CPU.ActiveCfg = Debug|Any CPU
		{FF0C8E24-50F1-4856-911E-6B07B4DA9D47}.Debug|Any CPU.Build.0 = Debug|Any CPU
		{FF0C8E24-50F1-4856-911E-6B07B4DA9D47}.Release|Any CPU.ActiveCfg = Release|Any CPU
		{FF0C8E24-50F1-4856-911E-6B07B4DA9D47}.Release|Any CPU.Build.0 = Release|Any CPU
	EndGlobalSection
	GlobalSection(SolutionProperties) = preSolution
		HideSolutionNode = FALSE
	EndGlobalSection
	GlobalSection(ExtensibilityGlobals) = postSolution
		SolutionGuid = {56D8D3F3-785A-4F34-B050-F4B42B573027}
	EndGlobalSection
EndGlobal
